// !$*UTF8*$!
{
	archiveVersion = 1;
	classes = {
	};
	objectVersion = 56;
	objects = {

/* Begin PBXBuildFile section */
		0440BD9E29FEF3F90091805C /* homeViewController.swift in Sources */ = {isa = PBXBuildFile; fileRef = 0440BD9D29FEF3F90091805C /* homeViewController.swift */; };
		0440BDA529FEFCD70091805C /* Localizable.strings in Resources */ = {isa = PBXBuildFile; fileRef = 0440BDA729FEFCD70091805C /* Localizable.strings */; };
		0440BDAB29FEFE6A0091805C /* language.swift in Sources */ = {isa = PBXBuildFile; fileRef = 0440BDAA29FEFE6A0091805C /* language.swift */; };
		046874AB29FED05100A34C60 /* GoogleService-Info.plist in Resources */ = {isa = PBXBuildFile; fileRef = 046874AA29FED05100A34C60 /* GoogleService-Info.plist */; };
		046874AF29FED8EC00A34C60 /* FirebaseAuth in Frameworks */ = {isa = PBXBuildFile; productRef = 046874AE29FED8EC00A34C60 /* FirebaseAuth */; };
		046874B129FED8EC00A34C60 /* FirebaseAuthCombine-Community in Frameworks */ = {isa = PBXBuildFile; productRef = 046874B029FED8EC00A34C60 /* FirebaseAuthCombine-Community */; };
		046874B329FED8EC00A34C60 /* FirebaseDatabase in Frameworks */ = {isa = PBXBuildFile; productRef = 046874B229FED8EC00A34C60 /* FirebaseDatabase */; };
		046874B529FED8EC00A34C60 /* FirebaseDatabaseSwift in Frameworks */ = {isa = PBXBuildFile; productRef = 046874B429FED8EC00A34C60 /* FirebaseDatabaseSwift */; };
		046874B729FED8EC00A34C60 /* FirebaseFirestore in Frameworks */ = {isa = PBXBuildFile; productRef = 046874B629FED8EC00A34C60 /* FirebaseFirestore */; };
		046874B929FED8EC00A34C60 /* FirebaseFirestoreCombine-Community in Frameworks */ = {isa = PBXBuildFile; productRef = 046874B829FED8EC00A34C60 /* FirebaseFirestoreCombine-Community */; };
		046874BB29FED8EC00A34C60 /* FirebaseStorage in Frameworks */ = {isa = PBXBuildFile; productRef = 046874BA29FED8EC00A34C60 /* FirebaseStorage */; };
		046874BD29FED8EC00A34C60 /* FirebaseStorageCombine-Community in Frameworks */ = {isa = PBXBuildFile; productRef = 046874BC29FED8EC00A34C60 /* FirebaseStorageCombine-Community */; };
		0481B63029ED4EE400AF310A /* AppDelegate.swift in Sources */ = {isa = PBXBuildFile; fileRef = 0481B62F29ED4EE400AF310A /* AppDelegate.swift */; };
		0481B63229ED4EE400AF310A /* SceneDelegate.swift in Sources */ = {isa = PBXBuildFile; fileRef = 0481B63129ED4EE400AF310A /* SceneDelegate.swift */; };
		0481B63729ED4EE400AF310A /* Main.storyboard in Resources */ = {isa = PBXBuildFile; fileRef = 0481B63529ED4EE400AF310A /* Main.storyboard */; };
		0481B63929ED4EE500AF310A /* Assets.xcassets in Resources */ = {isa = PBXBuildFile; fileRef = 0481B63829ED4EE500AF310A /* Assets.xcassets */; };
		0481B63C29ED4EE500AF310A /* LaunchScreen.storyboard in Resources */ = {isa = PBXBuildFile; fileRef = 0481B63A29ED4EE500AF310A /* LaunchScreen.storyboard */; };
/* End PBXBuildFile section */

/* Begin PBXFileReference section */
		0440BD9D29FEF3F90091805C /* homeViewController.swift */ = {isa = PBXFileReference; lastKnownFileType = sourcecode.swift; path = homeViewController.swift; sourceTree = "<group>"; };
		0440BDA129FEFC1F0091805C /* ar */ = {isa = PBXFileReference; lastKnownFileType = text.plist.strings; name = ar; path = ar.lproj/Main.strings; sourceTree = "<group>"; };
		0440BDA229FEFC1F0091805C /* ar */ = {isa = PBXFileReference; lastKnownFileType = text.plist.strings; name = ar; path = ar.lproj/LaunchScreen.strings; sourceTree = "<group>"; };
		0440BDA629FEFCD70091805C /* ar */ = {isa = PBXFileReference; lastKnownFileType = text.plist.strings; name = ar; path = ar.lproj/Localizable.strings; sourceTree = "<group>"; };
		0440BDA829FEFCE20091805C /* en */ = {isa = PBXFileReference; lastKnownFileType = text.plist.strings; name = en; path = en.lproj/Localizable.strings; sourceTree = "<group>"; };
		0440BDAA29FEFE6A0091805C /* language.swift */ = {isa = PBXFileReference; lastKnownFileType = sourcecode.swift; path = language.swift; sourceTree = "<group>"; };
		046874AA29FED05100A34C60 /* GoogleService-Info.plist */ = {isa = PBXFileReference; fileEncoding = 4; lastKnownFileType = text.plist.xml; path = "GoogleService-Info.plist"; sourceTree = "<group>"; };
		0481B62C29ED4EE400AF310A /* ios_template.app */ = {isa = PBXFileReference; explicitFileType = wrapper.application; includeInIndex = 0; path = ios_template.app; sourceTree = BUILT_PRODUCTS_DIR; };
		0481B62F29ED4EE400AF310A /* AppDelegate.swift */ = {isa = PBXFileReference; lastKnownFileType = sourcecode.swift; path = AppDelegate.swift; sourceTree = "<group>"; };
		0481B63129ED4EE400AF310A /* SceneDelegate.swift */ = {isa = PBXFileReference; lastKnownFileType = sourcecode.swift; path = SceneDelegate.swift; sourceTree = "<group>"; };
		0481B63629ED4EE400AF310A /* Base */ = {isa = PBXFileReference; lastKnownFileType = file.storyboard; name = Base; path = Base.lproj/Main.storyboard; sourceTree = "<group>"; };
		0481B63829ED4EE500AF310A /* Assets.xcassets */ = {isa = PBXFileReference; lastKnownFileType = folder.assetcatalog; path = Assets.xcassets; sourceTree = "<group>"; };
		0481B63B29ED4EE500AF310A /* Base */ = {isa = PBXFileReference; lastKnownFileType = file.storyboard; name = Base; path = Base.lproj/LaunchScreen.storyboard; sourceTree = "<group>"; };
		0481B63D29ED4EE500AF310A /* Info.plist */ = {isa = PBXFileReference; lastKnownFileType = text.plist.xml; path = Info.plist; sourceTree = "<group>"; };
/* End PBXFileReference section */

/* Begin PBXFrameworksBuildPhase section */
		0481B62929ED4EE400AF310A /* Frameworks */ = {
			isa = PBXFrameworksBuildPhase;
			buildActionMask = 2147483647;
			files = (
				046874B529FED8EC00A34C60 /* FirebaseDatabaseSwift in Frameworks */,
				046874B329FED8EC00A34C60 /* FirebaseDatabase in Frameworks */,
				046874BD29FED8EC00A34C60 /* FirebaseStorageCombine-Community in Frameworks */,
				046874AF29FED8EC00A34C60 /* FirebaseAuth in Frameworks */,
				046874B929FED8EC00A34C60 /* FirebaseFirestoreCombine-Community in Frameworks */,
				046874BB29FED8EC00A34C60 /* FirebaseStorage in Frameworks */,
				046874B729FED8EC00A34C60 /* FirebaseFirestore in Frameworks */,
				046874B129FED8EC00A34C60 /* FirebaseAuthCombine-Community in Frameworks */,
			);
			runOnlyForDeploymentPostprocessing = 0;
		};
/* End PBXFrameworksBuildPhase section */

/* Begin PBXGroup section */
		0440BDA029FEF9960091805C /* home */ = {
			isa = PBXGroup;
			children = (
				0440BD9D29FEF3F90091805C /* homeViewController.swift */,
			);
			path = home;
			sourceTree = "<group>";
		};
		0440BDA929FEFE380091805C /* logic */ = {
			isa = PBXGroup;
			children = (
				0440BDAA29FEFE6A0091805C /* language.swift */,
			);
			path = logic;
			sourceTree = "<group>";
		};
		046874BE29FED90B00A34C60 /* common */ = {
			isa = PBXGroup;
			children = (
			);
			path = common;
			sourceTree = "<group>";
		};
		046874BF29FED93400A34C60 /* core */ = {
			isa = PBXGroup;
			children = (
				046874C129FEF17500A34C60 /* localization */,
			);
			path = core;
			sourceTree = "<group>";
		};
		046874C029FED95700A34C60 /* features */ = {
			isa = PBXGroup;
			children = (
				0440BDA029FEF9960091805C /* home */,
			);
			path = features;
			sourceTree = "<group>";
		};
		046874C129FEF17500A34C60 /* localization */ = {
			isa = PBXGroup;
			children = (
				0440BDA929FEFE380091805C /* logic */,
				0440BDA729FEFCD70091805C /* Localizable.strings */,
			);
			path = localization;
			sourceTree = "<group>";
		};
		0481B62329ED4EE400AF310A = {
			isa = PBXGroup;
			children = (
				0481B62E29ED4EE400AF310A /* ios_template */,
				0481B62D29ED4EE400AF310A /* Products */,
			);
			sourceTree = "<group>";
		};
		0481B62D29ED4EE400AF310A /* Products */ = {
			isa = PBXGroup;
			children = (
				0481B62C29ED4EE400AF310A /* ios_template.app */,
			);
			name = Products;
			sourceTree = "<group>";
		};
		0481B62E29ED4EE400AF310A /* ios_template */ = {
			isa = PBXGroup;
			children = (
				0481B62F29ED4EE400AF310A /* AppDelegate.swift */,
				0481B63129ED4EE400AF310A /* SceneDelegate.swift */,
				046874BE29FED90B00A34C60 /* common */,
				046874BF29FED93400A34C60 /* core */,
				046874C029FED95700A34C60 /* features */,
				0481B63529ED4EE400AF310A /* Main.storyboard */,
				0481B63829ED4EE500AF310A /* Assets.xcassets */,
				0481B63A29ED4EE500AF310A /* LaunchScreen.storyboard */,
				0481B63D29ED4EE500AF310A /* Info.plist */,
				046874AA29FED05100A34C60 /* GoogleService-Info.plist */,
			);
			path = ios_template;
			sourceTree = "<group>";
		};
/* End PBXGroup section */

/* Begin PBXNativeTarget section */
		0481B62B29ED4EE400AF310A /* ios_template */ = {
			isa = PBXNativeTarget;
			buildConfigurationList = 0481B64029ED4EE500AF310A /* Build configuration list for PBXNativeTarget "ios_template" */;
			buildPhases = (
				0481B62829ED4EE400AF310A /* Sources */,
				0481B62929ED4EE400AF310A /* Frameworks */,
				0481B62A29ED4EE400AF310A /* Resources */,
			);
			buildRules = (
			);
			dependencies = (
			);
			name = ios_template;
			packageProductDependencies = (
				046874AE29FED8EC00A34C60 /* FirebaseAuth */,
				046874B029FED8EC00A34C60 /* FirebaseAuthCombine-Community */,
				046874B229FED8EC00A34C60 /* FirebaseDatabase */,
				046874B429FED8EC00A34C60 /* FirebaseDatabaseSwift */,
				046874B629FED8EC00A34C60 /* FirebaseFirestore */,
				046874B829FED8EC00A34C60 /* FirebaseFirestoreCombine-Community */,
				046874BA29FED8EC00A34C60 /* FirebaseStorage */,
				046874BC29FED8EC00A34C60 /* FirebaseStorageCombine-Community */,
			);
			productName = ios_template;
			productReference = 0481B62C29ED4EE400AF310A /* ios_template.app */;
			productType = "com.apple.product-type.application";
		};
/* End PBXNativeTarget section */

/* Begin PBXProject section */
		0481B62429ED4EE400AF310A /* Project object */ = {
			isa = PBXProject;
			attributes = {
				BuildIndependentTargetsInParallel = 1;
				LastSwiftUpdateCheck = 1400;
				LastUpgradeCheck = 1400;
				TargetAttributes = {
					0481B62B29ED4EE400AF310A = {
						CreatedOnToolsVersion = 14.0.1;
					};
				};
			};
			buildConfigurationList = 0481B62729ED4EE400AF310A /* Build configuration list for PBXProject "ios_template" */;
			compatibilityVersion = "Xcode 14.0";
			developmentRegion = en;
			hasScannedForEncodings = 0;
			knownRegions = (
				en,
				Base,
				ar,
			);
			mainGroup = 0481B62329ED4EE400AF310A;
			packageReferences = (
				046874AD29FED8EC00A34C60 /* XCRemoteSwiftPackageReference "firebase-ios-sdk" */,
			);
			productRefGroup = 0481B62D29ED4EE400AF310A /* Products */;
			projectDirPath = "";
			projectRoot = "";
			targets = (
				0481B62B29ED4EE400AF310A /* ios_template */,
			);
		};
/* End PBXProject section */

/* Begin PBXResourcesBuildPhase section */
		0481B62A29ED4EE400AF310A /* Resources */ = {
			isa = PBXResourcesBuildPhase;
			buildActionMask = 2147483647;
			files = (
				0440BDA529FEFCD70091805C /* Localizable.strings in Resources */,
				0481B63C29ED4EE500AF310A /* LaunchScreen.storyboard in Resources */,
				046874AB29FED05100A34C60 /* GoogleService-Info.plist in Resources */,
				0481B63929ED4EE500AF310A /* Assets.xcassets in Resources */,
				0481B63729ED4EE400AF310A /* Main.storyboard in Resources */,
			);
			runOnlyForDeploymentPostprocessing = 0;
		};
/* End PBXResourcesBuildPhase section */

/* Begin PBXSourcesBuildPhase section */
		0481B62829ED4EE400AF310A /* Sources */ = {
			isa = PBXSourcesBuildPhase;
			buildActionMask = 2147483647;
			files = (
				0481B63029ED4EE400AF310A /* AppDelegate.swift in Sources */,
				0440BDAB29FEFE6A0091805C /* language.swift in Sources */,
				0481B63229ED4EE400AF310A /* SceneDelegate.swift in Sources */,
				0440BD9E29FEF3F90091805C /* homeViewController.swift in Sources */,
			);
			runOnlyForDeploymentPostprocessing = 0;
		};
/* End PBXSourcesBuildPhase section */

/* Begin PBXVariantGroup section */
		0440BDA729FEFCD70091805C /* Localizable.strings */ = {
			isa = PBXVariantGroup;
			children = (
				0440BDA629FEFCD70091805C /* ar */,
				0440BDA829FEFCE20091805C /* en */,
			);
			name = Localizable.strings;
			sourceTree = "<group>";
		};
		0481B63529ED4EE400AF310A /* Main.storyboard */ = {
			isa = PBXVariantGroup;
			children = (
				0481B63629ED4EE400AF310A /* Base */,
				0440BDA129FEFC1F0091805C /* ar */,
			);
			name = Main.storyboard;
			sourceTree = "<group>";
		};
		0481B63A29ED4EE500AF310A /* LaunchScreen.storyboard */ = {
			isa = PBXVariantGroup;
			children = (
				0481B63B29ED4EE500AF310A /* Base */,
				0440BDA229FEFC1F0091805C /* ar */,
			);
			name = LaunchScreen.storyboard;
			sourceTree = "<group>";
		};
/* End PBXVariantGroup section */

/* Begin XCBuildConfiguration section */
		0481B63E29ED4EE500AF310A /* Debug */ = {
			isa = XCBuildConfiguration;
			buildSettings = {
				ALWAYS_SEARCH_USER_PATHS = NO;
				CLANG_ANALYZER_LOCALIZABILITY_NONLOCALIZED = YES;
				CLANG_ANALYZER_NONNULL = YES;
				CLANG_ANALYZER_NUMBER_OBJECT_CONVERSION = YES_AGGRESSIVE;
				CLANG_CXX_LANGUAGE_STANDARD = "gnu++20";
				CLANG_ENABLE_MODULES = YES;
				CLANG_ENABLE_OBJC_ARC = YES;
				CLANG_ENABLE_OBJC_WEAK = YES;
				CLANG_WARN_BLOCK_CAPTURE_AUTORELEASING = YES;
				CLANG_WARN_BOOL_CONVERSION = YES;
				CLANG_WARN_COMMA = YES;
				CLANG_WARN_CONSTANT_CONVERSION = YES;
				CLANG_WARN_DEPRECATED_OBJC_IMPLEMENTATIONS = YES;
				CLANG_WARN_DIRECT_OBJC_ISA_USAGE = YES_ERROR;
				CLANG_WARN_DOCUMENTATION_COMMENTS = YES;
				CLANG_WARN_EMPTY_BODY = YES;
				CLANG_WARN_ENUM_CONVERSION = YES;
				CLANG_WARN_INFINITE_RECURSION = YES;
				CLANG_WARN_INT_CONVERSION = YES;
				CLANG_WARN_NON_LITERAL_NULL_CONVERSION = YES;
				CLANG_WARN_OBJC_IMPLICIT_RETAIN_SELF = YES;
				CLANG_WARN_OBJC_LITERAL_CONVERSION = YES;
				CLANG_WARN_OBJC_ROOT_CLASS = YES_ERROR;
				CLANG_WARN_QUOTED_INCLUDE_IN_FRAMEWORK_HEADER = YES;
				CLANG_WARN_RANGE_LOOP_ANALYSIS = YES;
				CLANG_WARN_STRICT_PROTOTYPES = YES;
				CLANG_WARN_SUSPICIOUS_MOVE = YES;
				CLANG_WARN_UNGUARDED_AVAILABILITY = YES_AGGRESSIVE;
				CLANG_WARN_UNREACHABLE_CODE = YES;
				CLANG_WARN__DUPLICATE_METHOD_MATCH = YES;
				COPY_PHASE_STRIP = NO;
				DEBUG_INFORMATION_FORMAT = dwarf;
				ENABLE_STRICT_OBJC_MSGSEND = YES;
				ENABLE_TESTABILITY = YES;
				GCC_C_LANGUAGE_STANDARD = gnu11;
				GCC_DYNAMIC_NO_PIC = NO;
				GCC_NO_COMMON_BLOCKS = YES;
				GCC_OPTIMIZATION_LEVEL = 0;
				GCC_PREPROCESSOR_DEFINITIONS = (
					"DEBUG=1",
					"$(inherited)",
				);
				GCC_WARN_64_TO_32_BIT_CONVERSION = YES;
				GCC_WARN_ABOUT_RETURN_TYPE = YES_ERROR;
				GCC_WARN_UNDECLARED_SELECTOR = YES;
				GCC_WARN_UNINITIALIZED_AUTOS = YES_AGGRESSIVE;
				GCC_WARN_UNUSED_FUNCTION = YES;
				GCC_WARN_UNUSED_VARIABLE = YES;
				IPHONEOS_DEPLOYMENT_TARGET = 16.0;
				MTL_ENABLE_DEBUG_INFO = INCLUDE_SOURCE;
				MTL_FAST_MATH = YES;
				ONLY_ACTIVE_ARCH = YES;
				SDKROOT = iphoneos;
				SWIFT_ACTIVE_COMPILATION_CONDITIONS = DEBUG;
				SWIFT_OPTIMIZATION_LEVEL = "-Onone";
			};
			name = Debug;
		};
		0481B63F29ED4EE500AF310A /* Release */ = {
			isa = XCBuildConfiguration;
			buildSettings = {
				ALWAYS_SEARCH_USER_PATHS = NO;
				CLANG_ANALYZER_LOCALIZABILITY_NONLOCALIZED = YES;
				CLANG_ANALYZER_NONNULL = YES;
				CLANG_ANALYZER_NUMBER_OBJECT_CONVERSION = YES_AGGRESSIVE;
				CLANG_CXX_LANGUAGE_STANDARD = "gnu++20";
				CLANG_ENABLE_MODULES = YES;
				CLANG_ENABLE_OBJC_ARC = YES;
				CLANG_ENABLE_OBJC_WEAK = YES;
				CLANG_WARN_BLOCK_CAPTURE_AUTORELEASING = YES;
				CLANG_WARN_BOOL_CONVERSION = YES;
				CLANG_WARN_COMMA = YES;
				CLANG_WARN_CONSTANT_CONVERSION = YES;
				CLANG_WARN_DEPRECATED_OBJC_IMPLEMENTATIONS = YES;
				CLANG_WARN_DIRECT_OBJC_ISA_USAGE = YES_ERROR;
				CLANG_WARN_DOCUMENTATION_COMMENTS = YES;
				CLANG_WARN_EMPTY_BODY = YES;
				CLANG_WARN_ENUM_CONVERSION = YES;
				CLANG_WARN_INFINITE_RECURSION = YES;
				CLANG_WARN_INT_CONVERSION = YES;
				CLANG_WARN_NON_LITERAL_NULL_CONVERSION = YES;
				CLANG_WARN_OBJC_IMPLICIT_RETAIN_SELF = YES;
				CLANG_WARN_OBJC_LITERAL_CONVERSION = YES;
				CLANG_WARN_OBJC_ROOT_CLASS = YES_ERROR;
				CLANG_WARN_QUOTED_INCLUDE_IN_FRAMEWORK_HEADER = YES;
				CLANG_WARN_RANGE_LOOP_ANALYSIS = YES;
				CLANG_WARN_STRICT_PROTOTYPES = YES;
				CLANG_WARN_SUSPICIOUS_MOVE = YES;
				CLANG_WARN_UNGUARDED_AVAILABILITY = YES_AGGRESSIVE;
				CLANG_WARN_UNREACHABLE_CODE = YES;
				CLANG_WARN__DUPLICATE_METHOD_MATCH = YES;
				COPY_PHASE_STRIP = NO;
				DEBUG_INFORMATION_FORMAT = "dwarf-with-dsym";
				ENABLE_NS_ASSERTIONS = NO;
				ENABLE_STRICT_OBJC_MSGSEND = YES;
				GCC_C_LANGUAGE_STANDARD = gnu11;
				GCC_NO_COMMON_BLOCKS = YES;
				GCC_WARN_64_TO_32_BIT_CONVERSION = YES;
				GCC_WARN_ABOUT_RETURN_TYPE = YES_ERROR;
				GCC_WARN_UNDECLARED_SELECTOR = YES;
				GCC_WARN_UNINITIALIZED_AUTOS = YES_AGGRESSIVE;
				GCC_WARN_UNUSED_FUNCTION = YES;
				GCC_WARN_UNUSED_VARIABLE = YES;
				IPHONEOS_DEPLOYMENT_TARGET = 16.0;
				MTL_ENABLE_DEBUG_INFO = NO;
				MTL_FAST_MATH = YES;
				SDKROOT = iphoneos;
				SWIFT_COMPILATION_MODE = wholemodule;
				SWIFT_OPTIMIZATION_LEVEL = "-O";
				VALIDATE_PRODUCT = YES;
			};
			name = Release;
		};
		0481B64129ED4EE500AF310A /* Debug */ = {
			isa = XCBuildConfiguration;
			buildSettings = {
				ASSETCATALOG_COMPILER_APPICON_NAME = AppIcon;
				ASSETCATALOG_COMPILER_GLOBAL_ACCENT_COLOR_NAME = AccentColor;
				CODE_SIGN_STYLE = Automatic;
				CURRENT_PROJECT_VERSION = 1;
				GENERATE_INFOPLIST_FILE = YES;
				INFOPLIST_FILE = ios_template/Info.plist;
				INFOPLIST_KEY_UIApplicationSupportsIndirectInputEvents = YES;
				INFOPLIST_KEY_UILaunchStoryboardName = LaunchScreen;
				INFOPLIST_KEY_UIMainStoryboardFile = Main;
				INFOPLIST_KEY_UISupportedInterfaceOrientations_iPad = "UIInterfaceOrientationPortrait UIInterfaceOrientationPortraitUpsideDown UIInterfaceOrientationLandscapeLeft UIInterfaceOrientationLandscapeRight";
				INFOPLIST_KEY_UISupportedInterfaceOrientations_iPhone = "UIInterfaceOrientationPortrait UIInterfaceOrientationLandscapeLeft UIInterfaceOrientationLandscapeRight";
				LD_RUNPATH_SEARCH_PATHS = (
					"$(inherited)",
					"@executable_path/Frameworks",
				);
				MARKETING_VERSION = 1.0;
				PRODUCT_BUNDLE_IDENTIFIER = "com.ios-template";
				PRODUCT_NAME = "$(TARGET_NAME)";
				SWIFT_EMIT_LOC_STRINGS = YES;
				SWIFT_VERSION = 5.0;
				TARGETED_DEVICE_FAMILY = "1,2";
			};
			name = Debug;
		};
		0481B64229ED4EE500AF310A /* Release */ = {
			isa = XCBuildConfiguration;
			buildSettings = {
				ASSETCATALOG_COMPILER_APPICON_NAME = AppIcon;
				ASSETCATALOG_COMPILER_GLOBAL_ACCENT_COLOR_NAME = AccentColor;
				CODE_SIGN_STYLE = Automatic;
				CURRENT_PROJECT_VERSION = 1;
				GENERATE_INFOPLIST_FILE = YES;
				INFOPLIST_FILE = ios_template/Info.plist;
				INFOPLIST_KEY_UIApplicationSupportsIndirectInputEvents = YES;
				INFOPLIST_KEY_UILaunchStoryboardName = LaunchScreen;
				INFOPLIST_KEY_UIMainStoryboardFile = Main;
				INFOPLIST_KEY_UISupportedInterfaceOrientations_iPad = "UIInterfaceOrientationPortrait UIInterfaceOrientationPortraitUpsideDown UIInterfaceOrientationLandscapeLeft UIInterfaceOrientationLandscapeRight";
				INFOPLIST_KEY_UISupportedInterfaceOrientations_iPhone = "UIInterfaceOrientationPortrait UIInterfaceOrientationLandscapeLeft UIInterfaceOrientationLandscapeRight";
				LD_RUNPATH_SEARCH_PATHS = (
					"$(inherited)",
					"@executable_path/Frameworks",
				);
				MARKETING_VERSION = 1.0;
				PRODUCT_BUNDLE_IDENTIFIER = "com.ios-template";
				PRODUCT_NAME = "$(TARGET_NAME)";
				SWIFT_EMIT_LOC_STRINGS = YES;
				SWIFT_VERSION = 5.0;
				TARGETED_DEVICE_FAMILY = "1,2";
			};
			name = Release;
		};
/* End XCBuildConfiguration section */

/* Begin XCConfigurationList section */
		0481B62729ED4EE400AF310A /* Build configuration list for PBXProject "ios_template" */ = {
			isa = XCConfigurationList;
			buildConfigurations = (
				0481B63E29ED4EE500AF310A /* Debug */,
				0481B63F29ED4EE500AF310A /* Release */,
			);
			defaultConfigurationIsVisible = 0;
			defaultConfigurationName = Release;
		};
		0481B64029ED4EE500AF310A /* Build configuration list for PBXNativeTarget "ios_template" */ = {
			isa = XCConfigurationList;
			buildConfigurations = (
				0481B64129ED4EE500AF310A /* Debug */,
				0481B64229ED4EE500AF310A /* Release */,
			);
			defaultConfigurationIsVisible = 0;
			defaultConfigurationName = Release;
		};
/* End XCConfigurationList section */

/* Begin XCRemoteSwiftPackageReference section */
		046874AD29FED8EC00A34C60 /* XCRemoteSwiftPackageReference "firebase-ios-sdk" */ = {
			isa = XCRemoteSwiftPackageReference;
			repositoryURL = "https://github.com/firebase/firebase-ios-sdk";
			requirement = {
				kind = upToNextMajorVersion;
				minimumVersion = 9.0.0;
			};
		};
/* End XCRemoteSwiftPackageReference section */

/* Begin XCSwiftPackageProductDependency section */
		046874AE29FED8EC00A34C60 /* FirebaseAuth */ = {
			isa = XCSwiftPackageProductDependency;
			package = 046874AD29FED8EC00A34C60 /* XCRemoteSwiftPackageReference "firebase-ios-sdk" */;
			productName = FirebaseAuth;
		};
		046874B029FED8EC00A34C60 /* FirebaseAuthCombine-Community */ = {
			isa = XCSwiftPackageProductDependency;
			package = 046874AD29FED8EC00A34C60 /* XCRemoteSwiftPackageReference "firebase-ios-sdk" */;
			productName = "FirebaseAuthCombine-Community";
		};
		046874B229FED8EC00A34C60 /* FirebaseDatabase */ = {
			isa = XCSwiftPackageProductDependency;
			package = 046874AD29FED8EC00A34C60 /* XCRemoteSwiftPackageReference "firebase-ios-sdk" */;
			productName = FirebaseDatabase;
		};
		046874B429FED8EC00A34C60 /* FirebaseDatabaseSwift */ = {
			isa = XCSwiftPackageProductDependency;
			package = 046874AD29FED8EC00A34C60 /* XCRemoteSwiftPackageReference "firebase-ios-sdk" */;
			productName = FirebaseDatabaseSwift;
		};
		046874B629FED8EC00A34C60 /* FirebaseFirestore */ = {
			isa = XCSwiftPackageProductDependency;
			package = 046874AD29FED8EC00A34C60 /* XCRemoteSwiftPackageReference "firebase-ios-sdk" */;
			productName = FirebaseFirestore;
		};
		046874B829FED8EC00A34C60 /* FirebaseFirestoreCombine-Community */ = {
			isa = XCSwiftPackageProductDependency;
			package = 046874AD29FED8EC00A34C60 /* XCRemoteSwiftPackageReference "firebase-ios-sdk" */;
			productName = "FirebaseFirestoreCombine-Community";
		};
		046874BA29FED8EC00A34C60 /* FirebaseStorage */ = {
			isa = XCSwiftPackageProductDependency;
			package = 046874AD29FED8EC00A34C60 /* XCRemoteSwiftPackageReference "firebase-ios-sdk" */;
			productName = FirebaseStorage;
		};
		046874BC29FED8EC00A34C60 /* FirebaseStorageCombine-Community */ = {
			isa = XCSwiftPackageProductDependency;
			package = 046874AD29FED8EC00A34C60 /* XCRemoteSwiftPackageReference "firebase-ios-sdk" */;
			productName = "FirebaseStorageCombine-Community";
		};
/* End XCSwiftPackageProductDependency section */
	};
	rootObject = 0481B62429ED4EE400AF310A /* Project object */;
}
